
Microsoft Visual Studio Solution File, Format Version 12.00
# Visual Studio Version 17
VisualStudioVersion = 17.3.32929.385
MinimumVisualStudioVersion = 10.0.40219.1
Project("{FAE04EC0-301F-11D3-BF4B-00C04F79EFBC}") = "Batobato Pick", "Batobato Pick\Batobato Pick.csproj", "{94114059-4171-4A34-BBDE-AA99A0E7474B}"
EndProject
Global
	GlobalSection(SolutionConfigurationPlatforms) = preSolution
		Debug|Any CPU = Debug|Any CPU
		Release|Any CPU = Release|Any CPU
	EndGlobalSection
	GlobalSection(ProjectConfigurationPlatforms) = postSolution
		{94114059-4171-4A34-BBDE-AA99A0E7474B}.Debug|Any CPU.ActiveCfg = Debug|Any CPU
		{94114059-4171-4A34-BBDE-AA99A0E7474B}.Debug|Any CPU.Build.0 = Debug|Any CPU
		{94114059-4171-4A34-BBDE-AA99A0E7474B}.Release|Any CPU.ActiveCfg = Release|Any CPU
		{94114059-4171-4A34-BBDE-AA99A0E7474B}.Release|Any CPU.Build.0 = Release|Any CPU
	EndGlobalSection
	GlobalSection(SolutionProperties) = preSolution
		HideSolutionNode = FALSE
	EndGlobalSection
	GlobalSection(ExtensibilityGlobals) = postSolution
		SolutionGuid = {064A7F67-0365-4FBD-84AD-BF72B68486FA}
	EndGlobalSection
EndGlobal
